
Microsoft Visual Studio Solution File, Format Version 12.00
# Visual Studio Version 17
VisualStudioVersion = 17.2.32630.192
MinimumVisualStudioVersion = 10.0.40219.1
Project("{9A19103F-16F7-4668-BE54-9A1E7A4F7556}") = "WebApidotnet5", "WebApidotnet5\WebApidotnet5.csproj", "{05B234DC-14AA-472D-8764-6A7D717CD02C}"
EndProject
Project("{9A19103F-16F7-4668-BE54-9A1E7A4F7556}") = "Contracts", "Contracts\Contracts.csproj", "{0E42B06F-7089-40D1-8399-AFF958195A36}"
EndProject
Project("{9A19103F-16F7-4668-BE54-9A1E7A4F7556}") = "LoggerService", "LoggerService\LoggerService.csproj", "{D7ABEE44-9DAA-4454-B24F-D8D891613860}"
EndProject
Project("{9A19103F-16F7-4668-BE54-9A1E7A4F7556}") = "Entities", "Entities\Entities.csproj", "{D79040C2-E939-4A89-A9D0-47DC2F9C7DD5}"
EndProject
Project("{9A19103F-16F7-4668-BE54-9A1E7A4F7556}") = "Repository", "Repository\Repository.csproj", "{D6A0A0D1-8479-4AA8-B24D-3AB0A4EDBA59}"
EndProject
Global
	GlobalSection(SolutionConfigurationPlatforms) = preSolution
		Debug|Any CPU = Debug|Any CPU
		Release|Any CPU = Release|Any CPU
	EndGlobalSection
	GlobalSection(ProjectConfigurationPlatforms) = postSolution
		{05B234DC-14AA-472D-8764-6A7D717CD02C}.Debug|Any CPU.ActiveCfg = Debug|Any CPU
		{05B234DC-14AA-472D-8764-6A7D717CD02C}.Debug|Any CPU.Build.0 = Debug|Any CPU
		{05B234DC-14AA-472D-8764-6A7D717CD02C}.Release|Any CPU.ActiveCfg = Release|Any CPU
		{05B234DC-14AA-472D-8764-6A7D717CD02C}.Release|Any CPU.Build.0 = Release|Any CPU
		{0E42B06F-7089-40D1-8399-AFF958195A36}.Debug|Any CPU.ActiveCfg = Debug|Any CPU
		{0E42B06F-7089-40D1-8399-AFF958195A36}.Debug|Any CPU.Build.0 = Debug|Any CPU
		{0E42B06F-7089-40D1-8399-AFF958195A36}.Release|Any CPU.ActiveCfg = Release|Any CPU
		{0E42B06F-7089-40D1-8399-AFF958195A36}.Release|Any CPU.Build.0 = Release|Any CPU
		{D7ABEE44-9DAA-4454-B24F-D8D891613860}.Debug|Any CPU.ActiveCfg = Debug|Any CPU
		{D7ABEE44-9DAA-4454-B24F-D8D891613860}.Debug|Any CPU.Build.0 = Debug|Any CPU
		{D7ABEE44-9DAA-4454-B24F-D8D891613860}.Release|Any CPU.ActiveCfg = Release|Any CPU
		{D7ABEE44-9DAA-4454-B24F-D8D891613860}.Release|Any CPU.Build.0 = Release|Any CPU
		{D79040C2-E939-4A89-A9D0-47DC2F9C7DD5}.Debug|Any CPU.ActiveCfg = Debug|Any CPU
		{D79040C2-E939-4A89-A9D0-47DC2F9C7DD5}.Debug|Any CPU.Build.0 = Debug|Any CPU
		{D79040C2-E939-4A89-A9D0-47DC2F9C7DD5}.Release|Any CPU.ActiveCfg = Release|Any CPU
		{D79040C2-E939-4A89-A9D0-47DC2F9C7DD5}.Release|Any CPU.Build.0 = Release|Any CPU
		{D6A0A0D1-8479-4AA8-B24D-3AB0A4EDBA59}.Debug|Any CPU.ActiveCfg = Debug|Any CPU
		{D6A0A0D1-8479-4AA8-B24D-3AB0A4EDBA59}.Debug|Any CPU.Build.0 = Debug|Any CPU
		{D6A0A0D1-8479-4AA8-B24D-3AB0A4EDBA59}.Release|Any CPU.ActiveCfg = Release|Any CPU
		{D6A0A0D1-8479-4AA8-B24D-3AB0A4EDBA59}.Release|Any CPU.Build.0 = Release|Any CPU
	EndGlobalSection
	GlobalSection(SolutionProperties) = preSolution
		HideSolutionNode = FALSE
	EndGlobalSection
	GlobalSection(ExtensibilityGlobals) = postSolution
		SolutionGuid = {B1C34448-525A-4DAF-9DD5-498B1DC2308B}
	EndGlobalSection
EndGlobal
